
Microsoft Visual Studio Solution File, Format Version 12.00
# Visual Studio Version 16
VisualStudioVersion = 16.0.31729.503
MinimumVisualStudioVersion = 10.0.40219.1
Project("{8BC9CEB8-8B4A-11D0-8D11-00A0C91BC942}") = "员工系统", "员工系统.vcxproj", "{D9F732C4-8CD1-4C25-8D3D-183198F421D3}"
EndProject
Global
	GlobalSection(SolutionConfigurationPlatforms) = preSolution
		Debug|x64 = Debug|x64
		Debug|x86 = Debug|x86
		Release|x64 = Release|x64
		Release|x86 = Release|x86
	EndGlobalSection
	GlobalSection(ProjectConfigurationPlatforms) = postSolution
		{D9F732C4-8CD1-4C25-8D3D-183198F421D3}.Debug|x64.ActiveCfg = Debug|x64
		{D9F732C4-8CD1-4C25-8D3D-183198F421D3}.Debug|x64.Build.0 = Debug|x64
		{D9F732C4-8CD1-4C25-8D3D-183198F421D3}.Debug|x86.ActiveCfg = Debug|Win32
		{D9F732C4-8CD1-4C25-8D3D-183198F421D3}.Debug|x86.Build.0 = Debug|Win32
		{D9F732C4-8CD1-4C25-8D3D-183198F421D3}.Release|x64.ActiveCfg = Release|x64
		{D9F732C4-8CD1-4C25-8D3D-183198F421D3}.Release|x64.Build.0 = Release|x64
		{D9F732C4-8CD1-4C25-8D3D-183198F421D3}.Release|x86.ActiveCfg = Release|Win32
		{D9F732C4-8CD1-4C25-8D3D-183198F421D3}.Release|x86.Build.0 = Release|Win32
	EndGlobalSection
	GlobalSection(SolutionProperties) = preSolution
		HideSolutionNode = FALSE
	EndGlobalSection
	GlobalSection(ExtensibilityGlobals) = postSolution
		SolutionGuid = {1B4915FB-763C-49D8-A701-5B138A2D65D7}
	EndGlobalSection
EndGlobal
